
Microsoft Visual Studio Solution File, Format Version 12.00
# Visual Studio Version 17
VisualStudioVersion = 17.9.34728.123
MinimumVisualStudioVersion = 10.0.40219.1
Project("{FAE04EC0-301F-11D3-BF4B-00C04F79EFBC}") = "ManejoPresupuesto", "ManejoPresupuesto.csproj", "{5CD61481-3034-4594-80A3-08E15B50E476}"
EndProject
Global
	GlobalSection(SolutionConfigurationPlatforms) = preSolution
		Debug|Any CPU = Debug|Any CPU
		Release|Any CPU = Release|Any CPU
	EndGlobalSection
	GlobalSection(ProjectConfigurationPlatforms) = postSolution
		{5CD61481-3034-4594-80A3-08E15B50E476}.Debug|Any CPU.ActiveCfg = Debug|Any CPU
		{5CD61481-3034-4594-80A3-08E15B50E476}.Debug|Any CPU.Build.0 = Debug|Any CPU
		{5CD61481-3034-4594-80A3-08E15B50E476}.Release|Any CPU.ActiveCfg = Release|Any CPU
		{5CD61481-3034-4594-80A3-08E15B50E476}.Release|Any CPU.Build.0 = Release|Any CPU
	EndGlobalSection
	GlobalSection(SolutionProperties) = preSolution
		HideSolutionNode = FALSE
	EndGlobalSection
	GlobalSection(ExtensibilityGlobals) = postSolution
		SolutionGuid = {D749792F-26FE-4DAD-B7D5-33CD610BA892}
	EndGlobalSection
EndGlobal
